
Microsoft Visual Studio Solution File, Format Version 12.00
# Visual Studio Version 16
VisualStudioVersion = 16.0.32929.386
MinimumVisualStudioVersion = 10.0.40219.1
Project("{FAE04EC0-301F-11D3-BF4B-00C04F79EFBC}") = "SalesWebMvc", "SalesWebMvc\SalesWebMvc.csproj", "{BC236451-EAFF-4204-9B38-2F89B418BC01}"
EndProject
Global
	GlobalSection(SolutionConfigurationPlatforms) = preSolution
		Debug|Any CPU = Debug|Any CPU
		Release|Any CPU = Release|Any CPU
	EndGlobalSection
	GlobalSection(ProjectConfigurationPlatforms) = postSolution
		{BC236451-EAFF-4204-9B38-2F89B418BC01}.Debug|Any CPU.ActiveCfg = Debug|Any CPU
		{BC236451-EAFF-4204-9B38-2F89B418BC01}.Debug|Any CPU.Build.0 = Debug|Any CPU
		{BC236451-EAFF-4204-9B38-2F89B418BC01}.Release|Any CPU.ActiveCfg = Release|Any CPU
		{BC236451-EAFF-4204-9B38-2F89B418BC01}.Release|Any CPU.Build.0 = Release|Any CPU
	EndGlobalSection
	GlobalSection(SolutionProperties) = preSolution
		HideSolutionNode = FALSE
	EndGlobalSection
	GlobalSection(ExtensibilityGlobals) = postSolution
		SolutionGuid = {56F97017-C1ED-414C-A8CF-80015779A250}
	EndGlobalSection
EndGlobal
